
Microsoft Visual Studio Solution File, Format Version 12.00
# Visual Studio Version 17
VisualStudioVersion = 17.2.32526.322
MinimumVisualStudioVersion = 10.0.40219.1
Project("{FAE04EC0-301F-11D3-BF4B-00C04F79EFBC}") = "PlaylistAvaloniaUI", "PlaylistAvaloniaUI\PlaylistAvaloniaUI.csproj", "{8E81AAC3-21C7-4CB8-B08B-45FCE8975642}"
EndProject
Global
	GlobalSection(SolutionConfigurationPlatforms) = preSolution
		Debug|Any CPU = Debug|Any CPU
		Release|Any CPU = Release|Any CPU
	EndGlobalSection
	GlobalSection(ProjectConfigurationPlatforms) = postSolution
		{8E81AAC3-21C7-4CB8-B08B-45FCE8975642}.Debug|Any CPU.ActiveCfg = Debug|Any CPU
		{8E81AAC3-21C7-4CB8-B08B-45FCE8975642}.Debug|Any CPU.Build.0 = Debug|Any CPU
		{8E81AAC3-21C7-4CB8-B08B-45FCE8975642}.Release|Any CPU.ActiveCfg = Release|Any CPU
		{8E81AAC3-21C7-4CB8-B08B-45FCE8975642}.Release|Any CPU.Build.0 = Release|Any CPU
	EndGlobalSection
	GlobalSection(SolutionProperties) = preSolution
		HideSolutionNode = FALSE
	EndGlobalSection
	GlobalSection(ExtensibilityGlobals) = postSolution
		SolutionGuid = {90D51B45-233F-40CE-81ED-D7DD2A63F172}
	EndGlobalSection
EndGlobal
